
Microsoft Visual Studio Solution File, Format Version 12.00
# Visual Studio 2012
Project("{FAE04EC0-301F-11D3-BF4B-00C04F79EFBC}") = "DataAccess", "DataAccess\DataAccess.csproj", "{02502DEE-CE14-4E8D-B33A-183CF81344A5}"
EndProject
Project("{FAE04EC0-301F-11D3-BF4B-00C04F79EFBC}") = "ClinSpec", "ClinSpec\ClinSpec.csproj", "{F9C85831-761F-4B32-86A7-B512209AF7E6}"
EndProject
Project("{FAE04EC0-301F-11D3-BF4B-00C04F79EFBC}") = "InitDataSetup", "InitDataSetup\InitDataSetup.csproj", "{BCC9D41F-2E6C-49A4-8373-4077D557FC30}"
EndProject
Global
	GlobalSection(SolutionConfigurationPlatforms) = preSolution
		Debug|Any CPU = Debug|Any CPU
		Release|Any CPU = Release|Any CPU
	EndGlobalSection
	GlobalSection(ProjectConfigurationPlatforms) = postSolution
		{02502DEE-CE14-4E8D-B33A-183CF81344A5}.Debug|Any CPU.ActiveCfg = Debug|Any CPU
		{02502DEE-CE14-4E8D-B33A-183CF81344A5}.Debug|Any CPU.Build.0 = Debug|Any CPU
		{02502DEE-CE14-4E8D-B33A-183CF81344A5}.Release|Any CPU.ActiveCfg = Release|Any CPU
		{02502DEE-CE14-4E8D-B33A-183CF81344A5}.Release|Any CPU.Build.0 = Release|Any CPU
		{F9C85831-761F-4B32-86A7-B512209AF7E6}.Debug|Any CPU.ActiveCfg = Debug|Any CPU
		{F9C85831-761F-4B32-86A7-B512209AF7E6}.Debug|Any CPU.Build.0 = Debug|Any CPU
		{F9C85831-761F-4B32-86A7-B512209AF7E6}.Release|Any CPU.ActiveCfg = Release|Any CPU
		{F9C85831-761F-4B32-86A7-B512209AF7E6}.Release|Any CPU.Build.0 = Release|Any CPU
		{BCC9D41F-2E6C-49A4-8373-4077D557FC30}.Debug|Any CPU.ActiveCfg = Debug|Any CPU
		{BCC9D41F-2E6C-49A4-8373-4077D557FC30}.Debug|Any CPU.Build.0 = Debug|Any CPU
		{BCC9D41F-2E6C-49A4-8373-4077D557FC30}.Release|Any CPU.ActiveCfg = Release|Any CPU
		{BCC9D41F-2E6C-49A4-8373-4077D557FC30}.Release|Any CPU.Build.0 = Release|Any CPU
	EndGlobalSection
	GlobalSection(SolutionProperties) = preSolution
		HideSolutionNode = FALSE
	EndGlobalSection
EndGlobal
